{
  "requires": true,
  "lockfileVersion": 1,
  "dependencies": {
    "gitbook-plugin-easyseo-7dtime": {
      "version": "1.0.0",
      "resolved": "https://registry.npmjs.org/gitbook-plugin-easyseo-7dtime/-/gitbook-plugin-easyseo-7dtime-1.0.0.tgz",
      "integrity": "sha1-eBjUBOFFCsoOsGf8W0BJe7w22LI="
    },
    "gitbook-plugin-insert-logo": {
      "version": "0.1.4",
      "resolved": "https://registry.npmjs.org/gitbook-plugin-insert-logo/-/gitbook-plugin-insert-logo-0.1.4.tgz",
      "integrity": "sha1-PH0e6/jo4ay76I9Hybepq8Y5RuM="
    },
    "gitbook-plugin-sitemap": {
      "version": "1.2.0",
      "resolved": "https://registry.npmjs.org/gitbook-plugin-sitemap/-/gitbook-plugin-sitemap-1.2.0.tgz",
      "integrity": "sha1-hneZN1C5ZYOMkG/nz8CiB8DQbcs=",
      "requires": {
        "sitemap": "1.5.0"
      }
    },
    "sitemap": {
      "version": "1.5.0",
      "resolved": "https://registry.npmjs.org/sitemap/-/sitemap-1.5.0.tgz",
      "integrity": "sha1-RbPoib96XbDvvyxMb8sVbKh+EgE=",
      "requires": {
        "underscore": "1.8.3",
        "url-join": "0.0.1"
      }
    },
    "underscore": {
      "version": "1.8.3",
      "resolved": "https://registry.npmjs.org/underscore/-/underscore-1.8.3.tgz",
      "integrity": "sha1-Tz+1OxBuYJf8+ctBCfKl6b36UCI="
    },
    "url-join": {
      "version": "0.0.1",
      "resolved": "https://registry.npmjs.org/url-join/-/url-join-0.0.1.tgz",
      "integrity": "sha1-HbSK1CLTQCRpqH99l73r/k+x48g="
    }
  }
}
